
Microsoft Visual Studio Solution File, Format Version 11.00
# Visual Studio 2010
Project("{FAE04EC0-301F-11D3-BF4B-00C04F79EFBC}") = "FacebookAzure", "FacebookAzure\FacebookAzure.csproj", "{5F291DEE-F43D-4165-8F65-EB2A6DDAC07E}"
EndProject
Project("{CC5FD16D-436D-48AD-A40C-5A424C6E3E79}") = "FacebookService", "FacebookService\FacebookService.ccproj", "{5C566F11-9C6E-4187-B966-AD37151799B0}"
EndProject
Project("{FAE04EC0-301F-11D3-BF4B-00C04F79EFBC}") = "LikerLib", "LikerLib\LikerLib.csproj", "{AF5225F8-E398-4DC2-B5A9-DD192C676470}"
EndProject
Project("{FAE04EC0-301F-11D3-BF4B-00C04F79EFBC}") = "FacebookWorker", "FacebookWorker\FacebookWorker.csproj", "{907EEF79-EDFD-4E4C-8DA2-A55E3A69067B}"
EndProject
Global
	GlobalSection(SolutionConfigurationPlatforms) = preSolution
		Debug|Any CPU = Debug|Any CPU
		Release|Any CPU = Release|Any CPU
	EndGlobalSection
	GlobalSection(ProjectConfigurationPlatforms) = postSolution
		{5F291DEE-F43D-4165-8F65-EB2A6DDAC07E}.Debug|Any CPU.ActiveCfg = Debug|Any CPU
		{5F291DEE-F43D-4165-8F65-EB2A6DDAC07E}.Debug|Any CPU.Build.0 = Debug|Any CPU
		{5F291DEE-F43D-4165-8F65-EB2A6DDAC07E}.Release|Any CPU.ActiveCfg = Release|Any CPU
		{5F291DEE-F43D-4165-8F65-EB2A6DDAC07E}.Release|Any CPU.Build.0 = Release|Any CPU
		{5C566F11-9C6E-4187-B966-AD37151799B0}.Debug|Any CPU.ActiveCfg = Debug|Any CPU
		{5C566F11-9C6E-4187-B966-AD37151799B0}.Debug|Any CPU.Build.0 = Debug|Any CPU
		{5C566F11-9C6E-4187-B966-AD37151799B0}.Release|Any CPU.ActiveCfg = Release|Any CPU
		{5C566F11-9C6E-4187-B966-AD37151799B0}.Release|Any CPU.Build.0 = Release|Any CPU
		{AF5225F8-E398-4DC2-B5A9-DD192C676470}.Debug|Any CPU.ActiveCfg = Debug|Any CPU
		{AF5225F8-E398-4DC2-B5A9-DD192C676470}.Debug|Any CPU.Build.0 = Debug|Any CPU
		{AF5225F8-E398-4DC2-B5A9-DD192C676470}.Release|Any CPU.ActiveCfg = Release|Any CPU
		{AF5225F8-E398-4DC2-B5A9-DD192C676470}.Release|Any CPU.Build.0 = Release|Any CPU
		{907EEF79-EDFD-4E4C-8DA2-A55E3A69067B}.Debug|Any CPU.ActiveCfg = Debug|Any CPU
		{907EEF79-EDFD-4E4C-8DA2-A55E3A69067B}.Debug|Any CPU.Build.0 = Debug|Any CPU
		{907EEF79-EDFD-4E4C-8DA2-A55E3A69067B}.Release|Any CPU.ActiveCfg = Release|Any CPU
		{907EEF79-EDFD-4E4C-8DA2-A55E3A69067B}.Release|Any CPU.Build.0 = Release|Any CPU
	EndGlobalSection
	GlobalSection(SolutionProperties) = preSolution
		HideSolutionNode = FALSE
	EndGlobalSection
EndGlobal
